Microsoft Visual Studio Solution File, Format Version 12.00
# Visual Studio Version 17
VisualStudioVersion = 17.5.2.0
MinimumVisualStudioVersion = 10.0.40219.1
Project("{FAE04EC0-301F-11D3-BF4B-00C04F79EFBC}") = "SportClub", "SportClub.csproj", "{359D26B7-41B9-AD54-F61C-DD0A35160365}"
EndProject
Global
	GlobalSection(SolutionConfigurationPlatforms) = preSolution
		Debug|Any CPU = Debug|Any CPU
		Release|Any CPU = Release|Any CPU
	EndGlobalSection
	GlobalSection(ProjectConfigurationPlatforms) = postSolution
		{359D26B7-41B9-AD54-F61C-DD0A35160365}.Debug|Any CPU.ActiveCfg = Debug|Any CPU
		{359D26B7-41B9-AD54-F61C-DD0A35160365}.Debug|Any CPU.Build.0 = Debug|Any CPU
		{359D26B7-41B9-AD54-F61C-DD0A35160365}.Release|Any CPU.ActiveCfg = Release|Any CPU
		{359D26B7-41B9-AD54-F61C-DD0A35160365}.Release|Any CPU.Build.0 = Release|Any CPU
	EndGlobalSection
	GlobalSection(SolutionProperties) = preSolution
		HideSolutionNode = FALSE
	EndGlobalSection
	GlobalSection(ExtensibilityGlobals) = postSolution
		SolutionGuid = {E79584CD-41F3-4A18-95A0-EDB27325C855}
	EndGlobalSection
EndGlobal
